github.com/tringuyen1086/dog v0.0.0-20240413073617-67b48d64d4bb h1:HWkekj3yf/4lONVgLQIdWTjQOkFv3d2tc4HEzlO4Fek=
github.com/tringuyen1086/dog v0.0.0-20240413073617-67b48d64d4bb/go.mod h1:alcJml04nLSfKpj7Jt472EpkykJDPuxOL2bQ7sGqAws=
github.com/tringuyen1086/puppy v0.0.0-20240413071011-dbd2889e09de h1:kZbBphisHW0jQTA/jarKSH3V/jAfHOObXPbhIzNY23w=
github.com/tringuyen1086/puppy v0.0.0-20240413071011-dbd2889e09de/go.mod h1:+dTBpS0tj4gDYuhofoRuudAiHU/GGOixIzBxQ6uT8yQ=
github.com/tringuyen1086/puppy v0.0.0-20240413073853-79cfb1f893ee h1:T0xoiBY8BVOduN0P1fu6XrMRZvOT/z08nAQ5VroOsuc=
github.com/tringuyen1086/puppy v0.0.0-20240413073853-79cfb1f893ee/go.mod h1:3MT8L6rNi1QSFOEfy9lniPEMaEAsyCg7sUapIulTYBA=
